
Microsoft Visual Studio Solution File, Format Version 12.00
# Visual Studio Version 16
VisualStudioVersion = 25.0.1706.1
MinimumVisualStudioVersion = 10.0.40219.1
Project("{FAE04EC0-301F-11D3-BF4B-00C04F79EFBC}") = "MovieShopApp.WebUI", "MovieShopApp.WebUI\MovieShopApp.WebUI.csproj", "{5420DB0F-0145-4C9A-BD2A-E951ED4F103A}"
EndProject
Project("{FAE04EC0-301F-11D3-BF4B-00C04F79EFBC}") = "Movie.DataAccess", "Movie.DataAccess\Movie.DataAccess.csproj", "{1B2FA7B9-51D1-42CC-B076-19786CDAD439}"
EndProject
Project("{FAE04EC0-301F-11D3-BF4B-00C04F79EFBC}") = "Movie.Business", "Movie.Business\Movie.Business.csproj", "{449530CC-1FEC-4F8D-9366-06BD7768C7EC}"
EndProject
Project("{FAE04EC0-301F-11D3-BF4B-00C04F79EFBC}") = "Core", "Core\Core\Core.csproj", "{1589CDF5-30E7-4812-9A4C-59CC15EF3DC5}"
EndProject
Global
	GlobalSection(SolutionConfigurationPlatforms) = preSolution
		Debug|Any CPU = Debug|Any CPU
		Release|Any CPU = Release|Any CPU
	EndGlobalSection
	GlobalSection(ProjectConfigurationPlatforms) = postSolution
		{5420DB0F-0145-4C9A-BD2A-E951ED4F103A}.Debug|Any CPU.ActiveCfg = Debug|Any CPU
		{5420DB0F-0145-4C9A-BD2A-E951ED4F103A}.Debug|Any CPU.Build.0 = Debug|Any CPU
		{5420DB0F-0145-4C9A-BD2A-E951ED4F103A}.Release|Any CPU.ActiveCfg = Release|Any CPU
		{5420DB0F-0145-4C9A-BD2A-E951ED4F103A}.Release|Any CPU.Build.0 = Release|Any CPU
		{1B2FA7B9-51D1-42CC-B076-19786CDAD439}.Debug|Any CPU.ActiveCfg = Debug|Any CPU
		{1B2FA7B9-51D1-42CC-B076-19786CDAD439}.Debug|Any CPU.Build.0 = Debug|Any CPU
		{1B2FA7B9-51D1-42CC-B076-19786CDAD439}.Release|Any CPU.ActiveCfg = Release|Any CPU
		{1B2FA7B9-51D1-42CC-B076-19786CDAD439}.Release|Any CPU.Build.0 = Release|Any CPU
		{449530CC-1FEC-4F8D-9366-06BD7768C7EC}.Debug|Any CPU.ActiveCfg = Debug|Any CPU
		{449530CC-1FEC-4F8D-9366-06BD7768C7EC}.Debug|Any CPU.Build.0 = Debug|Any CPU
		{449530CC-1FEC-4F8D-9366-06BD7768C7EC}.Release|Any CPU.ActiveCfg = Release|Any CPU
		{449530CC-1FEC-4F8D-9366-06BD7768C7EC}.Release|Any CPU.Build.0 = Release|Any CPU
		{E2FEAB84-1643-4216-817B-FDA2F022269C}.Debug|Any CPU.ActiveCfg = Debug|Any CPU
		{E2FEAB84-1643-4216-817B-FDA2F022269C}.Debug|Any CPU.Build.0 = Debug|Any CPU
		{E2FEAB84-1643-4216-817B-FDA2F022269C}.Release|Any CPU.ActiveCfg = Release|Any CPU
		{E2FEAB84-1643-4216-817B-FDA2F022269C}.Release|Any CPU.Build.0 = Release|Any CPU
		{1589CDF5-30E7-4812-9A4C-59CC15EF3DC5}.Debug|Any CPU.ActiveCfg = Debug|Any CPU
		{1589CDF5-30E7-4812-9A4C-59CC15EF3DC5}.Debug|Any CPU.Build.0 = Debug|Any CPU
		{1589CDF5-30E7-4812-9A4C-59CC15EF3DC5}.Release|Any CPU.ActiveCfg = Release|Any CPU
		{1589CDF5-30E7-4812-9A4C-59CC15EF3DC5}.Release|Any CPU.Build.0 = Release|Any CPU
	EndGlobalSection
	GlobalSection(SolutionProperties) = preSolution
		HideSolutionNode = FALSE
	EndGlobalSection
	GlobalSection(ExtensibilityGlobals) = postSolution
		SolutionGuid = {B4C10FCA-DDFA-496E-A247-5A7CF05AC73F}
	EndGlobalSection
EndGlobal
